
Microsoft Visual Studio Solution File, Format Version 12.00
# Visual Studio Version 17
VisualStudioVersion = 17.8.34330.188
MinimumVisualStudioVersion = 10.0.40219.1
Project("{FAE04EC0-301F-11D3-BF4B-00C04F79EFBC}") = "List_Employees", "WindowsFormsApp3\List_Employees.csproj", "{2983DB9D-B7EF-4896-90E5-92CB4A8F490C}"
EndProject
Global
	GlobalSection(SolutionConfigurationPlatforms) = preSolution
		Debug|Any CPU = Debug|Any CPU
		Release|Any CPU = Release|Any CPU
	EndGlobalSection
	GlobalSection(ProjectConfigurationPlatforms) = postSolution
		{2983DB9D-B7EF-4896-90E5-92CB4A8F490C}.Debug|Any CPU.ActiveCfg = Debug|Any CPU
		{2983DB9D-B7EF-4896-90E5-92CB4A8F490C}.Debug|Any CPU.Build.0 = Debug|Any CPU
		{2983DB9D-B7EF-4896-90E5-92CB4A8F490C}.Release|Any CPU.ActiveCfg = Release|Any CPU
		{2983DB9D-B7EF-4896-90E5-92CB4A8F490C}.Release|Any CPU.Build.0 = Release|Any CPU
	EndGlobalSection
	GlobalSection(SolutionProperties) = preSolution
		HideSolutionNode = FALSE
	EndGlobalSection
	GlobalSection(ExtensibilityGlobals) = postSolution
		SolutionGuid = {2DB91836-4D05-492D-B7AC-AC110CDBF4E9}
	EndGlobalSection
EndGlobal
